
Microsoft Visual Studio Solution File, Format Version 12.00
# Visual Studio Version 17
VisualStudioVersion = 17.6.33815.320
MinimumVisualStudioVersion = 10.0.40219.1
Project("{FAE04EC0-301F-11D3-BF4B-00C04F79EFBC}") = "MinimalChatApplication", "MinimalChatApplication\MinimalChatApplication.csproj", "{49010EE1-A333-4978-9941-EE0C9933C25D}"
EndProject
Global
	GlobalSection(SolutionConfigurationPlatforms) = preSolution
		Debug|Any CPU = Debug|Any CPU
		Release|Any CPU = Release|Any CPU
	EndGlobalSection
	GlobalSection(ProjectConfigurationPlatforms) = postSolution
		{49010EE1-A333-4978-9941-EE0C9933C25D}.Debug|Any CPU.ActiveCfg = Debug|Any CPU
		{49010EE1-A333-4978-9941-EE0C9933C25D}.Debug|Any CPU.Build.0 = Debug|Any CPU
		{49010EE1-A333-4978-9941-EE0C9933C25D}.Release|Any CPU.ActiveCfg = Release|Any CPU
		{49010EE1-A333-4978-9941-EE0C9933C25D}.Release|Any CPU.Build.0 = Release|Any CPU
	EndGlobalSection
	GlobalSection(SolutionProperties) = preSolution
		HideSolutionNode = FALSE
	EndGlobalSection
	GlobalSection(ExtensibilityGlobals) = postSolution
		SolutionGuid = {CB5A78EC-2B4F-4A59-9B42-B221EF957A97}
	EndGlobalSection
EndGlobal
